
Microsoft Visual Studio Solution File, Format Version 12.00
# Visual Studio Version 17
VisualStudioVersion = 17.3.32929.385
MinimumVisualStudioVersion = 10.0.40219.1
Project("{8BC9CEB8-8B4A-11D0-8D11-00A0C91BC942}") = "BFS", "BFS.vcxproj", "{F8DED764-6E1D-4B32-81E8-4784AAF489CF}"
EndProject
Global
	GlobalSection(SolutionConfigurationPlatforms) = preSolution
		Debug|x64 = Debug|x64
		Debug|x86 = Debug|x86
		Release|x64 = Release|x64
		Release|x86 = Release|x86
	EndGlobalSection
	GlobalSection(ProjectConfigurationPlatforms) = postSolution
		{F8DED764-6E1D-4B32-81E8-4784AAF489CF}.Debug|x64.ActiveCfg = Debug|x64
		{F8DED764-6E1D-4B32-81E8-4784AAF489CF}.Debug|x64.Build.0 = Debug|x64
		{F8DED764-6E1D-4B32-81E8-4784AAF489CF}.Debug|x86.ActiveCfg = Debug|Win32
		{F8DED764-6E1D-4B32-81E8-4784AAF489CF}.Debug|x86.Build.0 = Debug|Win32
		{F8DED764-6E1D-4B32-81E8-4784AAF489CF}.Release|x64.ActiveCfg = Release|x64
		{F8DED764-6E1D-4B32-81E8-4784AAF489CF}.Release|x64.Build.0 = Release|x64
		{F8DED764-6E1D-4B32-81E8-4784AAF489CF}.Release|x86.ActiveCfg = Release|Win32
		{F8DED764-6E1D-4B32-81E8-4784AAF489CF}.Release|x86.Build.0 = Release|Win32
	EndGlobalSection
	GlobalSection(SolutionProperties) = preSolution
		HideSolutionNode = FALSE
	EndGlobalSection
	GlobalSection(ExtensibilityGlobals) = postSolution
		SolutionGuid = {84F7E097-6024-4060-8CB9-0AC3D0F7B153}
	EndGlobalSection
EndGlobal
