
Microsoft Visual Studio Solution File, Format Version 12.00
# Visual Studio Version 17
VisualStudioVersion = 17.2.32526.322
MinimumVisualStudioVersion = 10.0.40219.1
Project("{8BC9CEB8-8B4A-11D0-8D11-00A0C91BC942}") = "SeqList", "SeqList\SeqList.vcxproj", "{A65EF6BE-26B6-4231-83D7-6EC948FBD115}"
EndProject
Global
	GlobalSection(SolutionConfigurationPlatforms) = preSolution
		Debug|x64 = Debug|x64
		Debug|x86 = Debug|x86
		Release|x64 = Release|x64
		Release|x86 = Release|x86
	EndGlobalSection
	GlobalSection(ProjectConfigurationPlatforms) = postSolution
		{A65EF6BE-26B6-4231-83D7-6EC948FBD115}.Debug|x64.ActiveCfg = Debug|x64
		{A65EF6BE-26B6-4231-83D7-6EC948FBD115}.Debug|x64.Build.0 = Debug|x64
		{A65EF6BE-26B6-4231-83D7-6EC948FBD115}.Debug|x86.ActiveCfg = Debug|Win32
		{A65EF6BE-26B6-4231-83D7-6EC948FBD115}.Debug|x86.Build.0 = Debug|Win32
		{A65EF6BE-26B6-4231-83D7-6EC948FBD115}.Release|x64.ActiveCfg = Release|x64
		{A65EF6BE-26B6-4231-83D7-6EC948FBD115}.Release|x64.Build.0 = Release|x64
		{A65EF6BE-26B6-4231-83D7-6EC948FBD115}.Release|x86.ActiveCfg = Release|Win32
		{A65EF6BE-26B6-4231-83D7-6EC948FBD115}.Release|x86.Build.0 = Release|Win32
	EndGlobalSection
	GlobalSection(SolutionProperties) = preSolution
		HideSolutionNode = FALSE
	EndGlobalSection
	GlobalSection(ExtensibilityGlobals) = postSolution
		SolutionGuid = {57E7DBD0-9BBA-4B51-8940-88D40C42D3A6}
	EndGlobalSection
EndGlobal
