
Microsoft Visual Studio Solution File, Format Version 12.00
# Visual Studio Version 17
VisualStudioVersion = 17.1.32319.34
MinimumVisualStudioVersion = 10.0.40219.1
Project("{8BC9CEB8-8B4A-11D0-8D11-00A0C91BC942}") = "DList", "DList.vcxproj", "{80047C19-53E6-47B3-A6F9-DE4466069395}"
EndProject
Global
	GlobalSection(SolutionConfigurationPlatforms) = preSolution
		Debug|x64 = Debug|x64
		Debug|x86 = Debug|x86
		Release|x64 = Release|x64
		Release|x86 = Release|x86
	EndGlobalSection
	GlobalSection(ProjectConfigurationPlatforms) = postSolution
		{80047C19-53E6-47B3-A6F9-DE4466069395}.Debug|x64.ActiveCfg = Debug|x64
		{80047C19-53E6-47B3-A6F9-DE4466069395}.Debug|x64.Build.0 = Debug|x64
		{80047C19-53E6-47B3-A6F9-DE4466069395}.Debug|x86.ActiveCfg = Debug|Win32
		{80047C19-53E6-47B3-A6F9-DE4466069395}.Debug|x86.Build.0 = Debug|Win32
		{80047C19-53E6-47B3-A6F9-DE4466069395}.Release|x64.ActiveCfg = Release|x64
		{80047C19-53E6-47B3-A6F9-DE4466069395}.Release|x64.Build.0 = Release|x64
		{80047C19-53E6-47B3-A6F9-DE4466069395}.Release|x86.ActiveCfg = Release|Win32
		{80047C19-53E6-47B3-A6F9-DE4466069395}.Release|x86.Build.0 = Release|Win32
	EndGlobalSection
	GlobalSection(SolutionProperties) = preSolution
		HideSolutionNode = FALSE
	EndGlobalSection
	GlobalSection(ExtensibilityGlobals) = postSolution
		SolutionGuid = {CA1D4760-1C92-4F6E-85DD-DC2311ADD8A4}
	EndGlobalSection
EndGlobal
