
Microsoft Visual Studio Solution File, Format Version 12.00
# Visual Studio Version 17
VisualStudioVersion = 17.2.32526.322
MinimumVisualStudioVersion = 10.0.40219.1
Project("{8BC9CEB8-8B4A-11D0-8D11-00A0C91BC942}") = "排序算法", "排序算法\排序算法.vcxproj", "{06764BB0-2395-45CA-AAA8-97E526F2AEB0}"
EndProject
Global
	GlobalSection(SolutionConfigurationPlatforms) = preSolution
		Debug|x64 = Debug|x64
		Debug|x86 = Debug|x86
		Release|x64 = Release|x64
		Release|x86 = Release|x86
	EndGlobalSection
	GlobalSection(ProjectConfigurationPlatforms) = postSolution
		{06764BB0-2395-45CA-AAA8-97E526F2AEB0}.Debug|x64.ActiveCfg = Debug|x64
		{06764BB0-2395-45CA-AAA8-97E526F2AEB0}.Debug|x64.Build.0 = Debug|x64
		{06764BB0-2395-45CA-AAA8-97E526F2AEB0}.Debug|x86.ActiveCfg = Debug|Win32
		{06764BB0-2395-45CA-AAA8-97E526F2AEB0}.Debug|x86.Build.0 = Debug|Win32
		{06764BB0-2395-45CA-AAA8-97E526F2AEB0}.Release|x64.ActiveCfg = Release|x64
		{06764BB0-2395-45CA-AAA8-97E526F2AEB0}.Release|x64.Build.0 = Release|x64
		{06764BB0-2395-45CA-AAA8-97E526F2AEB0}.Release|x86.ActiveCfg = Release|Win32
		{06764BB0-2395-45CA-AAA8-97E526F2AEB0}.Release|x86.Build.0 = Release|Win32
	EndGlobalSection
	GlobalSection(SolutionProperties) = preSolution
		HideSolutionNode = FALSE
	EndGlobalSection
	GlobalSection(ExtensibilityGlobals) = postSolution
		SolutionGuid = {67DDFDB8-2DFB-44DF-A1C2-6CB287D10CA6}
	EndGlobalSection
EndGlobal
